
Microsoft Visual Studio Solution File, Format Version 12.00
Project("{FAE04EC0-301F-11D3-BF4B-00C04F79EFBC}") = "CloudImagePixelizer", "CloudImagePixelizer\CloudImagePixelizer.csproj", "{94EA9B02-D346-49E3-B80A-2AA55D11963C}"
EndProject
Project("{FAE04EC0-301F-11D3-BF4B-00C04F79EFBC}") = "TestApplication", "TestApplication\TestApplication.csproj", "{89C504AD-9E78-41C1-BDDC-7861759465D0}"
EndProject
Project("{FAE04EC0-301F-11D3-BF4B-00C04F79EFBC}") = "LibTests", "LibTests\LibTests.csproj", "{CBB6FDED-5E84-42A0-9660-3764C7104A78}"
EndProject
Global
	GlobalSection(SolutionConfigurationPlatforms) = preSolution
		Debug|Any CPU = Debug|Any CPU
		Release|Any CPU = Release|Any CPU
	EndGlobalSection
	GlobalSection(ProjectConfigurationPlatforms) = postSolution
		{94EA9B02-D346-49E3-B80A-2AA55D11963C}.Debug|Any CPU.ActiveCfg = Debug|Any CPU
		{94EA9B02-D346-49E3-B80A-2AA55D11963C}.Debug|Any CPU.Build.0 = Debug|Any CPU
		{94EA9B02-D346-49E3-B80A-2AA55D11963C}.Release|Any CPU.ActiveCfg = Release|Any CPU
		{94EA9B02-D346-49E3-B80A-2AA55D11963C}.Release|Any CPU.Build.0 = Release|Any CPU
		{89C504AD-9E78-41C1-BDDC-7861759465D0}.Debug|Any CPU.ActiveCfg = Debug|Any CPU
		{89C504AD-9E78-41C1-BDDC-7861759465D0}.Debug|Any CPU.Build.0 = Debug|Any CPU
		{89C504AD-9E78-41C1-BDDC-7861759465D0}.Release|Any CPU.ActiveCfg = Release|Any CPU
		{89C504AD-9E78-41C1-BDDC-7861759465D0}.Release|Any CPU.Build.0 = Release|Any CPU
		{CBB6FDED-5E84-42A0-9660-3764C7104A78}.Debug|Any CPU.ActiveCfg = Debug|Any CPU
		{CBB6FDED-5E84-42A0-9660-3764C7104A78}.Debug|Any CPU.Build.0 = Debug|Any CPU
		{CBB6FDED-5E84-42A0-9660-3764C7104A78}.Release|Any CPU.ActiveCfg = Release|Any CPU
		{CBB6FDED-5E84-42A0-9660-3764C7104A78}.Release|Any CPU.Build.0 = Release|Any CPU
	EndGlobalSection
EndGlobal
